
Microsoft Visual Studio Solution File, Format Version 12.00
# Visual Studio Version 17
VisualStudioVersion = 17.6.33829.357
MinimumVisualStudioVersion = 10.0.40219.1
Project("{8BC9CEB8-8B4A-11D0-8D11-00A0C91BC942}") = "Начальник", "While.vcxproj", "{1E2E1936-DD44-4955-A949-BDE40E7BCBEB}"
EndProject
Project("{8BC9CEB8-8B4A-11D0-8D11-00A0C91BC942}") = "Купи слона", "..\Купи слона\Купи слона.vcxproj", "{829EDA3D-7E9D-4E6E-B69C-43689649DAC2}"
EndProject
Project("{8BC9CEB8-8B4A-11D0-8D11-00A0C91BC942}") = "Таблица степеней", "..\Таблица степеней\Таблица степеней.vcxproj", "{5CB6AD81-168A-419B-814A-F4CCA1515BE6}"
EndProject
Project("{8BC9CEB8-8B4A-11D0-8D11-00A0C91BC942}") = "Напоминалка", "..\Напоминалка\Напоминалка.vcxproj", "{9F5C1A54-121E-4D16-A31C-7D5993C5E84C}"
EndProject
Project("{8BC9CEB8-8B4A-11D0-8D11-00A0C91BC942}") = "Банкомат 3.0", "..\Банкомат 3.0\Банкомат 3.0.vcxproj", "{A1CB1E37-1075-4F39-96F3-3365B2E725DC}"
EndProject
Project("{8BC9CEB8-8B4A-11D0-8D11-00A0C91BC942}") = "Сумма чисел", "..\Сумма чисел\Сумма чисел.vcxproj", "{95BDB606-B9BF-4B9A-91E8-CDCD83C3F05B}"
EndProject
Project("{8BC9CEB8-8B4A-11D0-8D11-00A0C91BC942}") = "Кадастровые проблемы", "..\Кадастровые проблемы\Кадастровые проблемы.vcxproj", "{FFDE7F27-7A90-4073-9E8A-9006CCDF8C74}"
EndProject
Project("{8BC9CEB8-8B4A-11D0-8D11-00A0C91BC942}") = "Кожанный мешок", "..\Кожанный мешок\Кожанный мешок.vcxproj", "{F7EACF4A-6EAB-449E-82ED-FF8C04E46C36}"
EndProject
Project("{8BC9CEB8-8B4A-11D0-8D11-00A0C91BC942}") = "Военное время", "..\Военное время\Военное время.vcxproj", "{66819B48-21D7-4316-B834-653467B58024}"
EndProject
Project("{8BC9CEB8-8B4A-11D0-8D11-00A0C91BC942}") = "Сокращение дроби", "..\Сокращение дроби\Сокращение дроби.vcxproj", "{7CAF994E-63D7-4908-B350-4FE898B716C2}"
EndProject
Project("{8BC9CEB8-8B4A-11D0-8D11-00A0C91BC942}") = "Числа фибоначи", "..\Числа фибоначи\Числа фибоначи.vcxproj", "{618220BF-A76B-4BB1-809C-0360F7891A87}"
EndProject
Project("{8BC9CEB8-8B4A-11D0-8D11-00A0C91BC942}") = "Кукушка", "..\Кукушка\Кукушка.vcxproj", "{E255CC00-1401-4CE2-903F-58273D95C42E}"
EndProject
Project("{8BC9CEB8-8B4A-11D0-8D11-00A0C91BC942}") = "Слишком большие числа", "..\Слишком большие числа\Слишком большие числа.vcxproj", "{5DFF710D-674C-4484-A4D5-1472195397C8}"
EndProject
Project("{8BC9CEB8-8B4A-11D0-8D11-00A0C91BC942}") = "Коллекторы", "..\Коллекторы\Коллекторы.vcxproj", "{BD4D8EC3-F87F-49C6-8A01-EF3E939EDBBF}"
EndProject
Project("{8BC9CEB8-8B4A-11D0-8D11-00A0C91BC942}") = "Вклады", "..\Вклады\Вклады.vcxproj", "{3039A982-E80B-4FC8-9623-4FEF126EDBA3}"
EndProject
Project("{8BC9CEB8-8B4A-11D0-8D11-00A0C91BC942}") = "Угадай число", "..\Угадай число\Угадай число.vcxproj", "{211FED41-C526-4DD4-BCD2-CEE6EB2C6FD3}"
EndProject
Global
	GlobalSection(SolutionConfigurationPlatforms) = preSolution
		Debug|x64 = Debug|x64
		Debug|x86 = Debug|x86
		Release|x64 = Release|x64
		Release|x86 = Release|x86
	EndGlobalSection
	GlobalSection(ProjectConfigurationPlatforms) = postSolution
		{1E2E1936-DD44-4955-A949-BDE40E7BCBEB}.Debug|x64.ActiveCfg = Debug|x64
		{1E2E1936-DD44-4955-A949-BDE40E7BCBEB}.Debug|x64.Build.0 = Debug|x64
		{1E2E1936-DD44-4955-A949-BDE40E7BCBEB}.Debug|x86.ActiveCfg = Debug|Win32
		{1E2E1936-DD44-4955-A949-BDE40E7BCBEB}.Debug|x86.Build.0 = Debug|Win32
		{1E2E1936-DD44-4955-A949-BDE40E7BCBEB}.Release|x64.ActiveCfg = Release|x64
		{1E2E1936-DD44-4955-A949-BDE40E7BCBEB}.Release|x64.Build.0 = Release|x64
		{1E2E1936-DD44-4955-A949-BDE40E7BCBEB}.Release|x86.ActiveCfg = Release|Win32
		{1E2E1936-DD44-4955-A949-BDE40E7BCBEB}.Release|x86.Build.0 = Release|Win32
		{829EDA3D-7E9D-4E6E-B69C-43689649DAC2}.Debug|x64.ActiveCfg = Debug|x64
		{829EDA3D-7E9D-4E6E-B69C-43689649DAC2}.Debug|x64.Build.0 = Debug|x64
		{829EDA3D-7E9D-4E6E-B69C-43689649DAC2}.Debug|x86.ActiveCfg = Debug|Win32
		{829EDA3D-7E9D-4E6E-B69C-43689649DAC2}.Debug|x86.Build.0 = Debug|Win32
		{829EDA3D-7E9D-4E6E-B69C-43689649DAC2}.Release|x64.ActiveCfg = Release|x64
		{829EDA3D-7E9D-4E6E-B69C-43689649DAC2}.Release|x64.Build.0 = Release|x64
		{829EDA3D-7E9D-4E6E-B69C-43689649DAC2}.Release|x86.ActiveCfg = Release|Win32
		{829EDA3D-7E9D-4E6E-B69C-43689649DAC2}.Release|x86.Build.0 = Release|Win32
		{5CB6AD81-168A-419B-814A-F4CCA1515BE6}.Debug|x64.ActiveCfg = Debug|x64
		{5CB6AD81-168A-419B-814A-F4CCA1515BE6}.Debug|x64.Build.0 = Debug|x64
		{5CB6AD81-168A-419B-814A-F4CCA1515BE6}.Debug|x86.ActiveCfg = Debug|Win32
		{5CB6AD81-168A-419B-814A-F4CCA1515BE6}.Debug|x86.Build.0 = Debug|Win32
		{5CB6AD81-168A-419B-814A-F4CCA1515BE6}.Release|x64.ActiveCfg = Release|x64
		{5CB6AD81-168A-419B-814A-F4CCA1515BE6}.Release|x64.Build.0 = Release|x64
		{5CB6AD81-168A-419B-814A-F4CCA1515BE6}.Release|x86.ActiveCfg = Release|Win32
		{5CB6AD81-168A-419B-814A-F4CCA1515BE6}.Release|x86.Build.0 = Release|Win32
		{9F5C1A54-121E-4D16-A31C-7D5993C5E84C}.Debug|x64.ActiveCfg = Debug|x64
		{9F5C1A54-121E-4D16-A31C-7D5993C5E84C}.Debug|x64.Build.0 = Debug|x64
		{9F5C1A54-121E-4D16-A31C-7D5993C5E84C}.Debug|x86.ActiveCfg = Debug|Win32
		{9F5C1A54-121E-4D16-A31C-7D5993C5E84C}.Debug|x86.Build.0 = Debug|Win32
		{9F5C1A54-121E-4D16-A31C-7D5993C5E84C}.Release|x64.ActiveCfg = Release|x64
		{9F5C1A54-121E-4D16-A31C-7D5993C5E84C}.Release|x64.Build.0 = Release|x64
		{9F5C1A54-121E-4D16-A31C-7D5993C5E84C}.Release|x86.ActiveCfg = Release|Win32
		{9F5C1A54-121E-4D16-A31C-7D5993C5E84C}.Release|x86.Build.0 = Release|Win32
		{A1CB1E37-1075-4F39-96F3-3365B2E725DC}.Debug|x64.ActiveCfg = Debug|x64
		{A1CB1E37-1075-4F39-96F3-3365B2E725DC}.Debug|x64.Build.0 = Debug|x64
		{A1CB1E37-1075-4F39-96F3-3365B2E725DC}.Debug|x86.ActiveCfg = Debug|Win32
		{A1CB1E37-1075-4F39-96F3-3365B2E725DC}.Debug|x86.Build.0 = Debug|Win32
		{A1CB1E37-1075-4F39-96F3-3365B2E725DC}.Release|x64.ActiveCfg = Release|x64
		{A1CB1E37-1075-4F39-96F3-3365B2E725DC}.Release|x64.Build.0 = Release|x64
		{A1CB1E37-1075-4F39-96F3-3365B2E725DC}.Release|x86.ActiveCfg = Release|Win32
		{A1CB1E37-1075-4F39-96F3-3365B2E725DC}.Release|x86.Build.0 = Release|Win32
		{95BDB606-B9BF-4B9A-91E8-CDCD83C3F05B}.Debug|x64.ActiveCfg = Debug|x64
		{95BDB606-B9BF-4B9A-91E8-CDCD83C3F05B}.Debug|x64.Build.0 = Debug|x64
		{95BDB606-B9BF-4B9A-91E8-CDCD83C3F05B}.Debug|x86.ActiveCfg = Debug|Win32
		{95BDB606-B9BF-4B9A-91E8-CDCD83C3F05B}.Debug|x86.Build.0 = Debug|Win32
		{95BDB606-B9BF-4B9A-91E8-CDCD83C3F05B}.Release|x64.ActiveCfg = Release|x64
		{95BDB606-B9BF-4B9A-91E8-CDCD83C3F05B}.Release|x64.Build.0 = Release|x64
		{95BDB606-B9BF-4B9A-91E8-CDCD83C3F05B}.Release|x86.ActiveCfg = Release|Win32
		{95BDB606-B9BF-4B9A-91E8-CDCD83C3F05B}.Release|x86.Build.0 = Release|Win32
		{FFDE7F27-7A90-4073-9E8A-9006CCDF8C74}.Debug|x64.ActiveCfg = Debug|x64
		{FFDE7F27-7A90-4073-9E8A-9006CCDF8C74}.Debug|x64.Build.0 = Debug|x64
		{FFDE7F27-7A90-4073-9E8A-9006CCDF8C74}.Debug|x86.ActiveCfg = Debug|Win32
		{FFDE7F27-7A90-4073-9E8A-9006CCDF8C74}.Debug|x86.Build.0 = Debug|Win32
		{FFDE7F27-7A90-4073-9E8A-9006CCDF8C74}.Release|x64.ActiveCfg = Release|x64
		{FFDE7F27-7A90-4073-9E8A-9006CCDF8C74}.Release|x64.Build.0 = Release|x64
		{FFDE7F27-7A90-4073-9E8A-9006CCDF8C74}.Release|x86.ActiveCfg = Release|Win32
		{FFDE7F27-7A90-4073-9E8A-9006CCDF8C74}.Release|x86.Build.0 = Release|Win32
		{F7EACF4A-6EAB-449E-82ED-FF8C04E46C36}.Debug|x64.ActiveCfg = Debug|x64
		{F7EACF4A-6EAB-449E-82ED-FF8C04E46C36}.Debug|x64.Build.0 = Debug|x64
		{F7EACF4A-6EAB-449E-82ED-FF8C04E46C36}.Debug|x86.ActiveCfg = Debug|Win32
		{F7EACF4A-6EAB-449E-82ED-FF8C04E46C36}.Debug|x86.Build.0 = Debug|Win32
		{F7EACF4A-6EAB-449E-82ED-FF8C04E46C36}.Release|x64.ActiveCfg = Release|x64
		{F7EACF4A-6EAB-449E-82ED-FF8C04E46C36}.Release|x64.Build.0 = Release|x64
		{F7EACF4A-6EAB-449E-82ED-FF8C04E46C36}.Release|x86.ActiveCfg = Release|Win32
		{F7EACF4A-6EAB-449E-82ED-FF8C04E46C36}.Release|x86.Build.0 = Release|Win32
		{66819B48-21D7-4316-B834-653467B58024}.Debug|x64.ActiveCfg = Debug|x64
		{66819B48-21D7-4316-B834-653467B58024}.Debug|x64.Build.0 = Debug|x64
		{66819B48-21D7-4316-B834-653467B58024}.Debug|x86.ActiveCfg = Debug|Win32
		{66819B48-21D7-4316-B834-653467B58024}.Debug|x86.Build.0 = Debug|Win32
		{66819B48-21D7-4316-B834-653467B58024}.Release|x64.ActiveCfg = Release|x64
		{66819B48-21D7-4316-B834-653467B58024}.Release|x64.Build.0 = Release|x64
		{66819B48-21D7-4316-B834-653467B58024}.Release|x86.ActiveCfg = Release|Win32
		{66819B48-21D7-4316-B834-653467B58024}.Release|x86.Build.0 = Release|Win32
		{7CAF994E-63D7-4908-B350-4FE898B716C2}.Debug|x64.ActiveCfg = Debug|x64
		{7CAF994E-63D7-4908-B350-4FE898B716C2}.Debug|x64.Build.0 = Debug|x64
		{7CAF994E-63D7-4908-B350-4FE898B716C2}.Debug|x86.ActiveCfg = Debug|Win32
		{7CAF994E-63D7-4908-B350-4FE898B716C2}.Debug|x86.Build.0 = Debug|Win32
		{7CAF994E-63D7-4908-B350-4FE898B716C2}.Release|x64.ActiveCfg = Release|x64
		{7CAF994E-63D7-4908-B350-4FE898B716C2}.Release|x64.Build.0 = Release|x64
		{7CAF994E-63D7-4908-B350-4FE898B716C2}.Release|x86.ActiveCfg = Release|Win32
		{7CAF994E-63D7-4908-B350-4FE898B716C2}.Release|x86.Build.0 = Release|Win32
		{618220BF-A76B-4BB1-809C-0360F7891A87}.Debug|x64.ActiveCfg = Debug|x64
		{618220BF-A76B-4BB1-809C-0360F7891A87}.Debug|x64.Build.0 = Debug|x64
		{618220BF-A76B-4BB1-809C-0360F7891A87}.Debug|x86.ActiveCfg = Debug|Win32
		{618220BF-A76B-4BB1-809C-0360F7891A87}.Debug|x86.Build.0 = Debug|Win32
		{618220BF-A76B-4BB1-809C-0360F7891A87}.Release|x64.ActiveCfg = Release|x64
		{618220BF-A76B-4BB1-809C-0360F7891A87}.Release|x64.Build.0 = Release|x64
		{618220BF-A76B-4BB1-809C-0360F7891A87}.Release|x86.ActiveCfg = Release|Win32
		{618220BF-A76B-4BB1-809C-0360F7891A87}.Release|x86.Build.0 = Release|Win32
		{E255CC00-1401-4CE2-903F-58273D95C42E}.Debug|x64.ActiveCfg = Debug|x64
		{E255CC00-1401-4CE2-903F-58273D95C42E}.Debug|x64.Build.0 = Debug|x64
		{E255CC00-1401-4CE2-903F-58273D95C42E}.Debug|x86.ActiveCfg = Debug|Win32
		{E255CC00-1401-4CE2-903F-58273D95C42E}.Debug|x86.Build.0 = Debug|Win32
		{E255CC00-1401-4CE2-903F-58273D95C42E}.Release|x64.ActiveCfg = Release|x64
		{E255CC00-1401-4CE2-903F-58273D95C42E}.Release|x64.Build.0 = Release|x64
		{E255CC00-1401-4CE2-903F-58273D95C42E}.Release|x86.ActiveCfg = Release|Win32
		{E255CC00-1401-4CE2-903F-58273D95C42E}.Release|x86.Build.0 = Release|Win32
		{5DFF710D-674C-4484-A4D5-1472195397C8}.Debug|x64.ActiveCfg = Debug|x64
		{5DFF710D-674C-4484-A4D5-1472195397C8}.Debug|x64.Build.0 = Debug|x64
		{5DFF710D-674C-4484-A4D5-1472195397C8}.Debug|x86.ActiveCfg = Debug|Win32
		{5DFF710D-674C-4484-A4D5-1472195397C8}.Debug|x86.Build.0 = Debug|Win32
		{5DFF710D-674C-4484-A4D5-1472195397C8}.Release|x64.ActiveCfg = Release|x64
		{5DFF710D-674C-4484-A4D5-1472195397C8}.Release|x64.Build.0 = Release|x64
		{5DFF710D-674C-4484-A4D5-1472195397C8}.Release|x86.ActiveCfg = Release|Win32
		{5DFF710D-674C-4484-A4D5-1472195397C8}.Release|x86.Build.0 = Release|Win32
		{BD4D8EC3-F87F-49C6-8A01-EF3E939EDBBF}.Debug|x64.ActiveCfg = Debug|x64
		{BD4D8EC3-F87F-49C6-8A01-EF3E939EDBBF}.Debug|x64.Build.0 = Debug|x64
		{BD4D8EC3-F87F-49C6-8A01-EF3E939EDBBF}.Debug|x86.ActiveCfg = Debug|Win32
		{BD4D8EC3-F87F-49C6-8A01-EF3E939EDBBF}.Debug|x86.Build.0 = Debug|Win32
		{BD4D8EC3-F87F-49C6-8A01-EF3E939EDBBF}.Release|x64.ActiveCfg = Release|x64
		{BD4D8EC3-F87F-49C6-8A01-EF3E939EDBBF}.Release|x64.Build.0 = Release|x64
		{BD4D8EC3-F87F-49C6-8A01-EF3E939EDBBF}.Release|x86.ActiveCfg = Release|Win32
		{BD4D8EC3-F87F-49C6-8A01-EF3E939EDBBF}.Release|x86.Build.0 = Release|Win32
		{3039A982-E80B-4FC8-9623-4FEF126EDBA3}.Debug|x64.ActiveCfg = Debug|x64
		{3039A982-E80B-4FC8-9623-4FEF126EDBA3}.Debug|x64.Build.0 = Debug|x64
		{3039A982-E80B-4FC8-9623-4FEF126EDBA3}.Debug|x86.ActiveCfg = Debug|Win32
		{3039A982-E80B-4FC8-9623-4FEF126EDBA3}.Debug|x86.Build.0 = Debug|Win32
		{3039A982-E80B-4FC8-9623-4FEF126EDBA3}.Release|x64.ActiveCfg = Release|x64
		{3039A982-E80B-4FC8-9623-4FEF126EDBA3}.Release|x64.Build.0 = Release|x64
		{3039A982-E80B-4FC8-9623-4FEF126EDBA3}.Release|x86.ActiveCfg = Release|Win32
		{3039A982-E80B-4FC8-9623-4FEF126EDBA3}.Release|x86.Build.0 = Release|Win32
		{211FED41-C526-4DD4-BCD2-CEE6EB2C6FD3}.Debug|x64.ActiveCfg = Debug|x64
		{211FED41-C526-4DD4-BCD2-CEE6EB2C6FD3}.Debug|x64.Build.0 = Debug|x64
		{211FED41-C526-4DD4-BCD2-CEE6EB2C6FD3}.Debug|x86.ActiveCfg = Debug|Win32
		{211FED41-C526-4DD4-BCD2-CEE6EB2C6FD3}.Debug|x86.Build.0 = Debug|Win32
		{211FED41-C526-4DD4-BCD2-CEE6EB2C6FD3}.Release|x64.ActiveCfg = Release|x64
		{211FED41-C526-4DD4-BCD2-CEE6EB2C6FD3}.Release|x64.Build.0 = Release|x64
		{211FED41-C526-4DD4-BCD2-CEE6EB2C6FD3}.Release|x86.ActiveCfg = Release|Win32
		{211FED41-C526-4DD4-BCD2-CEE6EB2C6FD3}.Release|x86.Build.0 = Release|Win32
	EndGlobalSection
	GlobalSection(SolutionProperties) = preSolution
		HideSolutionNode = FALSE
	EndGlobalSection
	GlobalSection(ExtensibilityGlobals) = postSolution
		SolutionGuid = {FEC5F2C9-1A94-4897-A080-497F02E2EEA5}
	EndGlobalSection
EndGlobal
